# THIS IS AN AUTOGENERATED FILE. DO NOT EDIT THIS FILE DIRECTLY.
# yarn lockfile v1


"@emnapi/core@^1.3.1":
  version "1.3.1"
  resolved "https://registry.yarnpkg.com/@emnapi/core/-/core-1.3.1.tgz#9c62d185372d1bddc94682b87f376e03dfac3f16"
  integrity sha512-pVGjBIt1Y6gg3EJN8jTcfpP/+uuRksIo055oE/OBkDNcjZqVbfkWCksG1Jp4yZnj3iKWyWX8fdG/j6UDYPbFog==
  dependencies:
    "@emnapi/wasi-threads" "1.0.1"
    tslib "^2.4.0"

"@emnapi/runtime@^1.3.1":
  version "1.3.1"
  resolved "https://registry.yarnpkg.com/@emnapi/runtime/-/runtime-1.3.1.tgz#0fcaa575afc31f455fd33534c19381cfce6c6f60"
  integrity sha512-kEBmG8KyqtxJZv+ygbEim+KCGtIq1fC22Ms3S4ziXmYKm8uyoLX0MHONVKwp+9opg390VaKRNt4a7A9NwmpNhw==
  dependencies:
    tslib "^2.4.0"

"@emnapi/wasi-threads@1.0.1":
  version "1.0.1"
  resolved "https://registry.yarnpkg.com/@emnapi/wasi-threads/-/wasi-threads-1.0.1.tgz#d7ae71fd2166b1c916c6cd2d0df2ef565a2e1a5b"
  integrity sha512-iIBu7mwkq4UQGeMEM8bLwNK962nXdhodeScX4slfQnRhEMMzvYivHhutCIk8uojvmASXXPC2WNEjwxFWk72Oqw==
  dependencies:
    tslib "^2.4.0"

"@napi-rs/wasm-runtime@^0.2.4":
  version "0.2.7"
  resolved "https://registry.yarnpkg.com/@napi-rs/wasm-runtime/-/wasm-runtime-0.2.7.tgz#288f03812a408bc53c2c3686c65f38fe90f295eb"
  integrity sha512-5yximcFK5FNompXfJFoWanu5l8v1hNGqNHh9du1xETp9HWk/B/PzvchX55WYOPaIeNglG8++68AAiauBAtbnzw==
  dependencies:
    "@emnapi/core" "^1.3.1"
    "@emnapi/runtime" "^1.3.1"
    "@tybys/wasm-util" "^0.9.0"

"@oxc-project/types@0.46.0":
  version "0.46.0"
  resolved "https://registry.yarnpkg.com/@oxc-project/types/-/types-0.46.0.tgz#f082ff2d82ee09c0a3641240c056f1804bec1769"
  integrity sha512-BHU261xrLasw04d2cToR36F6VV0T7t62rtQUprvBRL4Uru9P23moMkDmZUMSZSQj0fIUTA3oTOTwQ7cc4Av/iw==

"@rolldown/binding-darwin-arm64@1.0.0-beta.3":
  version "1.0.0-beta.3"
  resolved "https://registry.yarnpkg.com/@rolldown/binding-darwin-arm64/-/binding-darwin-arm64-1.0.0-beta.3.tgz#73592ddc4c3767e2f33fc000c47811198c142a66"
  integrity sha512-qB1ofY+09nDYYaEi5kVsjqy4cKsVPI9E5bkV46CRrQsTF/BBM29wpvaj8qTRQ41qwInFA5kmqnVVr35yfH7ddw==

"@rolldown/binding-darwin-x64@1.0.0-beta.3":
  version "1.0.0-beta.3"
  resolved "https://registry.yarnpkg.com/@rolldown/binding-darwin-x64/-/binding-darwin-x64-1.0.0-beta.3.tgz#0dd422eb6938ea28fa122342b409397fd3f9e306"
  integrity sha512-Fk+rqyeszMaZK12wItqFDXdUadg+TVQqOPh0fdaCefVebd29N+9fpFrARyo8gReyt/lcnEN4nWgdn7l99R70QA==

"@rolldown/binding-freebsd-x64@1.0.0-beta.3":
  version "1.0.0-beta.3"
  resolved "https://registry.yarnpkg.com/@rolldown/binding-freebsd-x64/-/binding-freebsd-x64-1.0.0-beta.3.tgz#492b694eb85efbf00fba4314af7a41aa8f0b1821"
  integrity sha512-B7QzJKu53MB/hvwO276AsyxN+p9lfgCkIO94TQB6t3auq3pDCC6u6gdRI1Ydwn6/gpMLiUNCW4mnpxCE5fE5tg==

"@rolldown/binding-linux-arm-gnueabihf@1.0.0-beta.3":
  version "1.0.0-beta.3"
  resolved "https://registry.yarnpkg.com/@rolldown/binding-linux-arm-gnueabihf/-/binding-linux-arm-gnueabihf-1.0.0-beta.3.tgz#4ccd524b9e00ea8034548916d69dbeeef714ea25"
  integrity sha512-NB5JrXP5dAigDTbvVc6VWiOY3Rr/0u1pi/9LYoBtMYiST7hYOrBPO9lvDF9w/23yKCr1+8PF4wFGR/YxKTNN5Q==

"@rolldown/binding-linux-arm64-gnu@1.0.0-beta.3":
  version "1.0.0-beta.3"
  resolved "https://registry.yarnpkg.com/@rolldown/binding-linux-arm64-gnu/-/binding-linux-arm64-gnu-1.0.0-beta.3.tgz#27e9424b5534163efda1fc495a6ad459b039092a"
  integrity sha512-bYyZLXzJ2boZ7CdUuCSAaTcWkVKcBUOL+B86zv+tRyrtk4BIpHF+L+vOg5uPD/PHwrIglxAno5MN4NnpkUj5fQ==

"@rolldown/binding-linux-arm64-musl@1.0.0-beta.3":
  version "1.0.0-beta.3"
  resolved "https://registry.yarnpkg.com/@rolldown/binding-linux-arm64-musl/-/binding-linux-arm64-musl-1.0.0-beta.3.tgz#f8e5c4da96723d7988e60bf1a28a1d76fc00428b"
  integrity sha512-t/jaaFrCSvwX2075jRfa2bwAcsuTtY1/sIT4XqsDg2MVxWQtaUyBx5Mi0pqZKTjdOPnL+f/zoUC9dxT2lUpNmw==

"@rolldown/binding-linux-x64-gnu@1.0.0-beta.3":
  version "1.0.0-beta.3"
  resolved "https://registry.yarnpkg.com/@rolldown/binding-linux-x64-gnu/-/binding-linux-x64-gnu-1.0.0-beta.3.tgz#d4101c2e345de090713c3963299e59735cc8839a"
  integrity sha512-EeDNLPU0Xw8ByRWxNLO30AF0fKYkdb/6rH5G073NFBDkj7ggYR/CvsNBjtDeCJ7+I6JG4xUjete2+VeV+GQjiA==

"@rolldown/binding-linux-x64-musl@1.0.0-beta.3":
  version "1.0.0-beta.3"
  resolved "https://registry.yarnpkg.com/@rolldown/binding-linux-x64-musl/-/binding-linux-x64-musl-1.0.0-beta.3.tgz#d6d2111b3d5ade38df95a60752d25b0c40077a86"
  integrity sha512-iTcAj8FKac3nyQhvFuqKt6Xqu9YNDbe1ew6US2OSN4g3zwfujgylaRCitEG+Uzd7AZfSVVLAfqrxKMa36Sj9Mg==

"@rolldown/binding-wasm32-wasi@1.0.0-beta.3":
  version "1.0.0-beta.3"
  resolved "https://registry.yarnpkg.com/@rolldown/binding-wasm32-wasi/-/binding-wasm32-wasi-1.0.0-beta.3.tgz#5c1b86119835142f839f578bd15859e1a44608ec"
  integrity sha512-sYgbsbyspvVZ2zplqsTxjf2N3e8UQGQnSsN5u4bMX461gY5vAsjUiA4nf1/ztDBMHWT79lF2QNx4csjnjSxMlA==
  dependencies:
    "@napi-rs/wasm-runtime" "^0.2.4"

"@rolldown/binding-win32-arm64-msvc@1.0.0-beta.3":
  version "1.0.0-beta.3"
  resolved "https://registry.yarnpkg.com/@rolldown/binding-win32-arm64-msvc/-/binding-win32-arm64-msvc-1.0.0-beta.3.tgz#96436dbb38493c9d9692f05ade9528917074d934"
  integrity sha512-qszMtrWybBLTFaew2WgEBRMlz1B/V8XxU87uezXlKcLW36aoRWR8LspZvqqoBkvJzbQtfOgm1HdTIk/v3Rn7QQ==

"@rolldown/binding-win32-ia32-msvc@1.0.0-beta.3":
  version "1.0.0-beta.3"
  resolved "https://registry.yarnpkg.com/@rolldown/binding-win32-ia32-msvc/-/binding-win32-ia32-msvc-1.0.0-beta.3.tgz#bfe193d77163d5a5a4cb71f98eef467661927471"
  integrity sha512-J+mzAO68VK91coLVuUln/XN0ummIEOODyupZ2BmXY8suBHPVAyLLAP54rlucBPQmzU8fI6DXM2bl2whZ+KEXpQ==

"@rolldown/binding-win32-x64-msvc@1.0.0-beta.3":
  version "1.0.0-beta.3"
  resolved "https://registry.yarnpkg.com/@rolldown/binding-win32-x64-msvc/-/binding-win32-x64-msvc-1.0.0-beta.3.tgz#e90a0bac944c922721865d823255dea5f9fc6fe1"
  integrity sha512-r06rAi+1eStgavGnw+2y4F7gpb0w9ocnKk0Ir7LmegLAkMZ/v4Fjo9jZUrLTLtmI36108v1uvUPrIAFzFOWE7g==

"@rollup/pluginutils@^4.1.2":
  version "4.2.1"
  resolved "https://registry.yarnpkg.com/@rollup/pluginutils/-/pluginutils-4.2.1.tgz#e6c6c3aba0744edce3fb2074922d3776c0af2a6d"
  integrity sha512-iKnFXr7NkdZAIHiIWE+BX5ULi/ucVFYWD6TbAV+rZctiRTY2PL6tsIKhoIOaoskiWAkgu+VsbXgUVDNLHf+InQ==
  dependencies:
    estree-walker "^2.0.1"
    picomatch "^2.2.2"

"@tybys/wasm-util@^0.9.0":
  version "0.9.0"
  resolved "https://registry.yarnpkg.com/@tybys/wasm-util/-/wasm-util-0.9.0.tgz#3e75eb00604c8d6db470bf18c37b7d984a0e3355"
  integrity sha512-6+7nlbMVX/PVDCwaIQ8nTOPveOcFLSt8GcXdx8hD0bt39uWxYT88uXzqTd4fTvqta7oeUJqudepapKNt2DYJFw==
  dependencies:
    tslib "^2.4.0"

"@types/react@^19.0.10":
  version "19.0.10"
  resolved "https://registry.yarnpkg.com/@types/react/-/react-19.0.10.tgz#d0c66dafd862474190fe95ce11a68de69ed2b0eb"
  integrity sha512-JuRQ9KXLEjaUNjTWpzuR231Z2WpIwczOkBEIvbHNCzQefFIT0L8IqE6NV6ULLyC1SI/i234JnDoMkfg+RjQj2g==
  dependencies:
    csstype "^3.0.2"

"@valibot/to-json-schema@1.0.0-beta.4":
  version "1.0.0-beta.4"
  resolved "https://registry.yarnpkg.com/@valibot/to-json-schema/-/to-json-schema-1.0.0-beta.4.tgz#ae7b0b48b5c83ea0a2c17d173aa1ef731773f6d7"
  integrity sha512-wXBdCyoqec+NLCl5ihitXzZXD4JAjPK3+HfskSXzfhiNFvKje0A/v1LygqKidUgIbaJtREmq/poJGbaS/0MKuQ==

commondir@^1.0.1:
  version "1.0.1"
  resolved "https://registry.yarnpkg.com/commondir/-/commondir-1.0.1.tgz#ddd800da0c66127393cca5950ea968a3aaf1253b"
  integrity sha512-W9pAhw0ja1Edb5GVdIF1mjZw/ASI0AlShXM83UUGe2DVr5TdAPEA1OA8m/g8zWp9x6On7gqufY+FatDbC3MDQg==

csstype@^3.0.2:
  version "3.1.3"
  resolved "https://registry.yarnpkg.com/csstype/-/csstype-3.1.3.tgz#d80ff294d114fb0e6ac500fbf85b60137d7eff81"
  integrity sha512-M1uQkMl8rQK/szD0LNhtqxIPLpimGm8sOBwU7lLnCpSbTyY3yeU1Vc7l4KT5zT4s/yOxHH5O7tIuuLOCnLADRw==

estree-walker@^2.0.1:
  version "2.0.2"
  resolved "https://registry.yarnpkg.com/estree-walker/-/estree-walker-2.0.2.tgz#52f010178c2a4c117a7757cfe942adb7d2da4cac"
  integrity sha512-Rfkk/Mp/DL7JVje3u18FxFujQlTNR2q6QfMSMB7AvCBx91NGj/ba3kCfza0f6dVDbw7YlRf/nDrn7pQrCCyQ/w==

find-cache-dir@^3.3.2:
  version "3.3.2"
  resolved "https://registry.yarnpkg.com/find-cache-dir/-/find-cache-dir-3.3.2.tgz#b30c5b6eff0730731aea9bbd9dbecbd80256d64b"
  integrity sha512-wXZV5emFEjrridIgED11OoUKLxiYjAcqot/NJdAkOhlJ+vGzwhOAfcG5OX1jP+S0PcjEn8bdMJv+g2jwQ3Onig==
  dependencies:
    commondir "^1.0.1"
    make-dir "^3.0.2"
    pkg-dir "^4.1.0"

find-up@^4.0.0:
  version "4.1.0"
  resolved "https://registry.yarnpkg.com/find-up/-/find-up-4.1.0.tgz#97afe7d6cdc0bc5928584b7c8d7b16e8a9aa5d19"
  integrity sha512-PpOwAdQ/YlXQ2vj8a3h8IipDuYRi3wceVQQGYWxNINccq40Anw7BlsEXCMbt1Zt+OLA6Fq9suIpIWD0OsnISlw==
  dependencies:
    locate-path "^5.0.0"
    path-exists "^4.0.0"

fs-extra@^10.0.0:
  version "10.1.0"
  resolved "https://registry.yarnpkg.com/fs-extra/-/fs-extra-10.1.0.tgz#02873cfbc4084dde127eaa5f9905eef2325d1abf"
  integrity sha512-oRXApq54ETRj4eMiFzGnHWGy+zo5raudjuxN0b8H7s/RU2oW0Wvsx9O0ACRN/kRq9E8Vu/ReskGB5o3ji+FzHQ==
  dependencies:
    graceful-fs "^4.2.0"
    jsonfile "^6.0.1"
    universalify "^2.0.0"

graceful-fs@^4.1.6, graceful-fs@^4.2.0:
  version "4.2.11"
  resolved "https://registry.yarnpkg.com/graceful-fs/-/graceful-fs-4.2.11.tgz#4183e4e8bf08bb6e05bbb2f7d2e0c8f712ca40e3"
  integrity sha512-RbJ5/jmFcNNCcDV5o9eTnBLJ/HszWV0P73bc+Ff4nS/rJj+YaS6IGyiOL0VoBYX+l1Wrl3k63h/KrH+nhJ0XvQ==

jsonfile@^6.0.1:
  version "6.1.0"
  resolved "https://registry.yarnpkg.com/jsonfile/-/jsonfile-6.1.0.tgz#bc55b2634793c679ec6403094eb13698a6ec0aae"
  integrity sha512-5dgndWOriYSm5cnYaJNhalLNDKOqFwyDB/rr1E9ZsGciGvKPs8R2xYGCacuf3z6K1YKDz182fd+fY3cn3pMqXQ==
  dependencies:
    universalify "^2.0.0"
  optionalDependencies:
    graceful-fs "^4.1.6"

locate-path@^5.0.0:
  version "5.0.0"
  resolved "https://registry.yarnpkg.com/locate-path/-/locate-path-5.0.0.tgz#1afba396afd676a6d42504d0a67a3a7eb9f62aa0"
  integrity sha512-t7hw9pI+WvuwNJXwk5zVHpyhIqzg2qTlklJOf0mVxGSbe3Fp2VieZcduNYjaLDoy6p9uGpQEGWG87WpMKlNq8g==
  dependencies:
    p-locate "^4.1.0"

make-dir@^3.0.2:
  version "3.1.0"
  resolved "https://registry.yarnpkg.com/make-dir/-/make-dir-3.1.0.tgz#415e967046b3a7f1d185277d84aa58203726a13f"
  integrity sha512-g3FeP20LNwhALb/6Cz6Dd4F2ngze0jz7tbzrD2wAV+o9FeNHe4rL+yK2md0J/fiSf1sa1ADhXqi5+oVwOM/eGw==
  dependencies:
    semver "^6.0.0"

p-limit@^2.2.0:
  version "2.3.0"
  resolved "https://registry.yarnpkg.com/p-limit/-/p-limit-2.3.0.tgz#3dd33c647a214fdfffd835933eb086da0dc21db1"
  integrity sha512-//88mFWSJx8lxCzwdAABTJL2MyWB12+eIY7MDL2SqLmAkeKU9qxRvWuSyTjm3FUmpBEMuFfckAIqEaVGUDxb6w==
  dependencies:
    p-try "^2.0.0"

p-locate@^4.1.0:
  version "4.1.0"
  resolved "https://registry.yarnpkg.com/p-locate/-/p-locate-4.1.0.tgz#a3428bb7088b3a60292f66919278b7c297ad4f07"
  integrity sha512-R79ZZ/0wAxKGu3oYMlz8jy/kbhsNrS7SKZ7PxEHBgJ5+F2mtFW2fK2cOtBh1cHYkQsbzFV7I+EoRKe6Yt0oK7A==
  dependencies:
    p-limit "^2.2.0"

p-try@^2.0.0:
  version "2.2.0"
  resolved "https://registry.yarnpkg.com/p-try/-/p-try-2.2.0.tgz#cb2868540e313d61de58fafbe35ce9004d5540e6"
  integrity sha512-R4nPAVTAU0B9D35/Gk3uJf/7XYbQcyohSKdvAxIRSNghFl4e71hVoGnBNQz9cWaXxO2I10KTC+3jMdvvoKw6dQ==

path-exists@^4.0.0:
  version "4.0.0"
  resolved "https://registry.yarnpkg.com/path-exists/-/path-exists-4.0.0.tgz#513bdbe2d3b95d7762e8c1137efa195c6c61b5b3"
  integrity sha512-ak9Qy5Q7jYb2Wwcey5Fpvg2KoAc/ZIhLSLOSBmRmygPsGwkVVt0fZa0qrtMz+m6tJTAHfZQ8FnmB4MG4LWy7/w==

picomatch@^2.2.2:
  version "2.3.1"
  resolved "https://registry.yarnpkg.com/picomatch/-/picomatch-2.3.1.tgz#3ba3833733646d9d3e4995946c1365a67fb07a42"
  integrity sha512-JU3teHTNjmE2VCGFzuY8EXzCDVwEqB2a8fsIvwaStHhAWJEeVd1o1QD80CU6+ZdEXXSLbSsuLwJjkCBWqRQUVA==

pkg-dir@^4.1.0:
  version "4.2.0"
  resolved "https://registry.yarnpkg.com/pkg-dir/-/pkg-dir-4.2.0.tgz#f099133df7ede422e81d1d8448270eeb3e4261f3"
  integrity sha512-HRDzbaKjC+AOWVXxAU/x54COGeIv9eb+6CkDSQoNTt4XyWoIJvuPsXizxu/Fr23EiekbtZwmh1IcIG/l/a10GQ==
  dependencies:
    find-up "^4.0.0"

react-dom@^19.0.0:
  version "19.0.0"
  resolved "https://registry.yarnpkg.com/react-dom/-/react-dom-19.0.0.tgz#43446f1f01c65a4cd7f7588083e686a6726cfb57"
  integrity sha512-4GV5sHFG0e/0AD4X+ySy6UJd3jVl1iNsNHdpad0qhABJ11twS3TTBnseqsKurKcsNqCEFeGL3uLpVChpIO3QfQ==
  dependencies:
    scheduler "^0.25.0"

react@^19.0.0:
  version "19.0.0"
  resolved "https://registry.yarnpkg.com/react/-/react-19.0.0.tgz#6e1969251b9f108870aa4bff37a0ce9ddfaaabdd"
  integrity sha512-V8AVnmPIICiWpGfm6GLzCR/W5FXLchHop40W4nXBmdlEceh16rCN8O8LNWm5bh5XUX91fh7KpA+W0TgMKmgTpQ==

rolldown@^1.0.0-beta.3:
  version "1.0.0-beta.3"
  resolved "https://registry.yarnpkg.com/rolldown/-/rolldown-1.0.0-beta.3.tgz#7d077cf93429ed488eea78ea6a484ef257509d1c"
  integrity sha512-DBpF1K8tSwU/0dQ7zL9BYcje0/GjO5lgfdEW0rHHFfGjGDh8TBVNlokfEXtdt/IoJOiTdtySfsrgarLJkZmZTQ==
  dependencies:
    "@oxc-project/types" "0.46.0"
    "@valibot/to-json-schema" "1.0.0-beta.4"
    valibot "1.0.0-beta.12"
  optionalDependencies:
    "@rolldown/binding-darwin-arm64" "1.0.0-beta.3"
    "@rolldown/binding-darwin-x64" "1.0.0-beta.3"
    "@rolldown/binding-freebsd-x64" "1.0.0-beta.3"
    "@rolldown/binding-linux-arm-gnueabihf" "1.0.0-beta.3"
    "@rolldown/binding-linux-arm64-gnu" "1.0.0-beta.3"
    "@rolldown/binding-linux-arm64-musl" "1.0.0-beta.3"
    "@rolldown/binding-linux-x64-gnu" "1.0.0-beta.3"
    "@rolldown/binding-linux-x64-musl" "1.0.0-beta.3"
    "@rolldown/binding-wasm32-wasi" "1.0.0-beta.3"
    "@rolldown/binding-win32-arm64-msvc" "1.0.0-beta.3"
    "@rolldown/binding-win32-ia32-msvc" "1.0.0-beta.3"
    "@rolldown/binding-win32-x64-msvc" "1.0.0-beta.3"

rollup-plugin-typescript2@^0.36.0:
  version "0.36.0"
  resolved "https://registry.yarnpkg.com/rollup-plugin-typescript2/-/rollup-plugin-typescript2-0.36.0.tgz#309564eb70d710412f5901344ca92045e180ed53"
  integrity sha512-NB2CSQDxSe9+Oe2ahZbf+B4bh7pHwjV5L+RSYpCu7Q5ROuN94F9b6ioWwKfz3ueL3KTtmX4o2MUH2cgHDIEUsw==
  dependencies:
    "@rollup/pluginutils" "^4.1.2"
    find-cache-dir "^3.3.2"
    fs-extra "^10.0.0"
    semver "^7.5.4"
    tslib "^2.6.2"

scheduler@^0.25.0:
  version "0.25.0"
  resolved "https://registry.yarnpkg.com/scheduler/-/scheduler-0.25.0.tgz#336cd9768e8cceebf52d3c80e3dcf5de23e7e015"
  integrity sha512-xFVuu11jh+xcO7JOAGJNOXld8/TcEHK/4CituBUeUb5hqxJLj9YuemAEuvm9gQ/+pgXYfbQuqAkiYu+u7YEsNA==

semver@^6.0.0:
  version "6.3.1"
  resolved "https://registry.yarnpkg.com/semver/-/semver-6.3.1.tgz#556d2ef8689146e46dcea4bfdd095f3434dffcb4"
  integrity sha512-BR7VvDCVHO+q2xBEWskxS6DJE1qRnb7DxzUrogb71CWoSficBxYsiAGd+Kl0mmq/MprG9yArRkyrQxTO6XjMzA==

semver@^7.5.4:
  version "7.7.1"
  resolved "https://registry.yarnpkg.com/semver/-/semver-7.7.1.tgz#abd5098d82b18c6c81f6074ff2647fd3e7220c9f"
  integrity sha512-hlq8tAfn0m/61p4BVRcPzIGr6LKiMwo4VM6dGi6pt4qcRkmNzTcWq6eCEjEh+qXjkMDvPlOFFSGwQjoEa6gyMA==

tslib@^2.4.0, tslib@^2.6.2:
  version "2.8.1"
  resolved "https://registry.yarnpkg.com/tslib/-/tslib-2.8.1.tgz#612efe4ed235d567e8aba5f2a5fab70280ade83f"
  integrity sha512-oJFu94HQb+KVduSUQL7wnpmqnfmLsOA/nAh6b6EH0wCEoK0/mPeXU6c3wKDV83MkOuHPRHtSXKKU99IBazS/2w==

typescript@^5.8.2:
  version "5.8.2"
  resolved "https://registry.yarnpkg.com/typescript/-/typescript-5.8.2.tgz#8170b3702f74b79db2e5a96207c15e65807999e4"
  integrity sha512-aJn6wq13/afZp/jT9QZmwEjDqqvSGp1VT5GVg+f/t6/oVyrgXM6BY1h9BRh/O5p3PlUPAe+WuiEZOmb/49RqoQ==

universalify@^2.0.0:
  version "2.0.1"
  resolved "https://registry.yarnpkg.com/universalify/-/universalify-2.0.1.tgz#168efc2180964e6386d061e094df61afe239b18d"
  integrity sha512-gptHNQghINnc/vTGIk0SOFGFNXw7JVrlRUtConJRlvaw6DuX0wO5Jeko9sWrMBhh+PsYAZ7oXAiOnf/UKogyiw==

valibot@1.0.0-beta.12:
  version "1.0.0-beta.12"
  resolved "https://registry.yarnpkg.com/valibot/-/valibot-1.0.0-beta.12.tgz#7c0457c8b86b47c3b04fe66e990a589c79eae96a"
  integrity sha512-j3WIxJ0pmUFMfdfUECn3YnZPYOiG0yHYcFEa/+RVgo0I+MXE3ToLt7gNRLtY5pwGfgNmsmhenGZfU5suu9ijUA==
